
Microsoft Visual Studio Solution File, Format Version 12.00
# Visual Studio 14
VisualStudioVersion = 14.0.25420.1
MinimumVisualStudioVersion = 10.0.40219.1
Project("{FAE04EC0-301F-11D3-BF4B-00C04F79EFBC}") = "ConfluenceEX", "ConfluenceEX\ConfluenceEX.csproj", "{CD36B9FC-46C5-4D08-95A4-6CABEF113135}"
EndProject
Project("{FAE04EC0-301F-11D3-BF4B-00C04F79EFBC}") = "ConfluenceRESTClient", "ConfluenceRESTClient\ConfluenceRESTClient.csproj", "{5AC3F6EA-6E18-44E0-84A7-7C0ED50B5DC0}"
EndProject
Project("{FAE04EC0-301F-11D3-BF4B-00C04F79EFBC}") = "AtlassianConnector", "..\AtlassianOAuthConnector\AtlassianOAuthConnector\AtlassianConnector.csproj", "{BD9DD1A3-1667-4EC4-9519-8D86E4157F78}"
EndProject
Global
	GlobalSection(SolutionConfigurationPlatforms) = preSolution
		Debug|Any CPU = Debug|Any CPU
		Release|Any CPU = Release|Any CPU
	EndGlobalSection
	GlobalSection(ProjectConfigurationPlatforms) = postSolution
		{CD36B9FC-46C5-4D08-95A4-6CABEF113135}.Debug|Any CPU.ActiveCfg = Debug|Any CPU
		{CD36B9FC-46C5-4D08-95A4-6CABEF113135}.Debug|Any CPU.Build.0 = Debug|Any CPU
		{CD36B9FC-46C5-4D08-95A4-6CABEF113135}.Release|Any CPU.ActiveCfg = Release|Any CPU
		{CD36B9FC-46C5-4D08-95A4-6CABEF113135}.Release|Any CPU.Build.0 = Release|Any CPU
		{5AC3F6EA-6E18-44E0-84A7-7C0ED50B5DC0}.Debug|Any CPU.ActiveCfg = Debug|Any CPU
		{5AC3F6EA-6E18-44E0-84A7-7C0ED50B5DC0}.Debug|Any CPU.Build.0 = Debug|Any CPU
		{5AC3F6EA-6E18-44E0-84A7-7C0ED50B5DC0}.Release|Any CPU.ActiveCfg = Release|Any CPU
		{5AC3F6EA-6E18-44E0-84A7-7C0ED50B5DC0}.Release|Any CPU.Build.0 = Release|Any CPU
		{BD9DD1A3-1667-4EC4-9519-8D86E4157F78}.Debug|Any CPU.ActiveCfg = Debug|Any CPU
		{BD9DD1A3-1667-4EC4-9519-8D86E4157F78}.Debug|Any CPU.Build.0 = Debug|Any CPU
		{BD9DD1A3-1667-4EC4-9519-8D86E4157F78}.Release|Any CPU.ActiveCfg = Release|Any CPU
		{BD9DD1A3-1667-4EC4-9519-8D86E4157F78}.Release|Any CPU.Build.0 = Release|Any CPU
	EndGlobalSection
	GlobalSection(SolutionProperties) = preSolution
		HideSolutionNode = FALSE
	EndGlobalSection
EndGlobal
